
Microsoft Visual Studio Solution File, Format Version 12.00
# Visual Studio Version 17
VisualStudioVersion = 17.8.34309.116
MinimumVisualStudioVersion = 10.0.40219.1
Project("{FAE04EC0-301F-11D3-BF4B-00C04F79EFBC}") = "FlagsApp", "FlagsApp\FlagsApp.csproj", "{7B45AD37-DD55-4AD5-9F90-66293FB69081}"
EndProject
Global
	GlobalSection(SolutionConfigurationPlatforms) = preSolution
		Debug|Any CPU = Debug|Any CPU
		Release|Any CPU = Release|Any CPU
	EndGlobalSection
	GlobalSection(ProjectConfigurationPlatforms) = postSolution
		{7B45AD37-DD55-4AD5-9F90-66293FB69081}.Debug|Any CPU.ActiveCfg = Debug|Any CPU
		{7B45AD37-DD55-4AD5-9F90-66293FB69081}.Debug|Any CPU.Build.0 = Debug|Any CPU
		{7B45AD37-DD55-4AD5-9F90-66293FB69081}.Release|Any CPU.ActiveCfg = Release|Any CPU
		{7B45AD37-DD55-4AD5-9F90-66293FB69081}.Release|Any CPU.Build.0 = Release|Any CPU
	EndGlobalSection
	GlobalSection(SolutionProperties) = preSolution
		HideSolutionNode = FALSE
	EndGlobalSection
	GlobalSection(ExtensibilityGlobals) = postSolution
		SolutionGuid = {3EA4599F-D6B6-47B4-AA6B-369D2994F187}
	EndGlobalSection
EndGlobal
